// !$*UTF8*$!
{
	archiveVersion = 1;
	classes = {
	};
	objectVersion = 46;
	objects = {

/* Begin PBXBuildFile section */
		A78B21EC316E49589E7FDED0 /* libPods-Story2Movie.a in Frameworks */ = {isa = PBXBuildFile; fileRef = 90B8250549DA465A965ACE47 /* libPods-Story2Movie.a */; };
		D487BE1C1990735B006498A8 /* SectionScrollView.m in Sources */ = {isa = PBXBuildFile; fileRef = D487BE1B1990735B006498A8 /* SectionScrollView.m */; };
		D487BE1F19907386006498A8 /* SectionImageView.m in Sources */ = {isa = PBXBuildFile; fileRef = D487BE1E19907386006498A8 /* SectionImageView.m */; };
		D487BE2E199073C1006498A8 /* GalleryScrollView.m in Sources */ = {isa = PBXBuildFile; fileRef = D487BE2D199073C1006498A8 /* GalleryScrollView.m */; };
		D487BE31199073E6006498A8 /* GalleryImageView.m in Sources */ = {isa = PBXBuildFile; fileRef = D487BE30199073E6006498A8 /* GalleryImageView.m */; };
		D487BE3419907404006498A8 /* GalleryPageControl.m in Sources */ = {isa = PBXBuildFile; fileRef = D487BE3319907404006498A8 /* GalleryPageControl.m */; };
		D487BE3719909264006498A8 /* TourPageControl.m in Sources */ = {isa = PBXBuildFile; fileRef = D487BE3619909264006498A8 /* TourPageControl.m */; };
		D487BE3E199096EF006498A8 /* tour_0@2x.png in Resources */ = {isa = PBXBuildFile; fileRef = D487BE38199096EF006498A8 /* tour_0@2x.png */; };
		D487BE3F199096EF006498A8 /* tour_0@R4.png in Resources */ = {isa = PBXBuildFile; fileRef = D487BE39199096EF006498A8 /* tour_0@R4.png */; };
		D487BE40199096EF006498A8 /* tour_1@2x.png in Resources */ = {isa = PBXBuildFile; fileRef = D487BE3A199096EF006498A8 /* tour_1@2x.png */; };
		D487BE41199096EF006498A8 /* tour_1@R4.png in Resources */ = {isa = PBXBuildFile; fileRef = D487BE3B199096EF006498A8 /* tour_1@R4.png */; };
		D487BE42199096EF006498A8 /* tour_2@2x.png in Resources */ = {isa = PBXBuildFile; fileRef = D487BE3C199096EF006498A8 /* tour_2@2x.png */; };
		D487BE43199096EF006498A8 /* tour_2@R4.png in Resources */ = {isa = PBXBuildFile; fileRef = D487BE3D199096EF006498A8 /* tour_2@R4.png */; };
		D4C59FBE198C9401000FD7E8 /* AppUtility.m in Sources */ = {isa = PBXBuildFile; fileRef = D4C59FBD198C9401000FD7E8 /* AppUtility.m */; };
		D4C59FC1198C9413000FD7E8 /* AppConfig.m in Sources */ = {isa = PBXBuildFile; fileRef = D4C59FC0198C9413000FD7E8 /* AppConfig.m */; };
		D4C59FC4198C9422000FD7E8 /* Constant.m in Sources */ = {isa = PBXBuildFile; fileRef = D4C59FC3198C9422000FD7E8 /* Constant.m */; };
		D4C59FC7198C9434000FD7E8 /* CustomLogFormatters.m in Sources */ = {isa = PBXBuildFile; fileRef = D4C59FC6198C9434000FD7E8 /* CustomLogFormatters.m */; };
		D4C59FCA198C9683000FD7E8 /* GuidedTourViewController.m in Sources */ = {isa = PBXBuildFile; fileRef = D4C59FC9198C9683000FD7E8 /* GuidedTourViewController.m */; };
		D4C59FCD198C96D8000FD7E8 /* TourScrollView.m in Sources */ = {isa = PBXBuildFile; fileRef = D4C59FCC198C96D8000FD7E8 /* TourScrollView.m */; };
		D4C59FD0198C970C000FD7E8 /* GalleryViewController.m in Sources */ = {isa = PBXBuildFile; fileRef = D4C59FCF198C970C000FD7E8 /* GalleryViewController.m */; };
		D4FD9B7D198C8D4600927FDC /* Foundation.framework in Frameworks */ = {isa = PBXBuildFile; fileRef = D4FD9B7C198C8D4600927FDC /* Foundation.framework */; };
		D4FD9B7F198C8D4600927FDC /* CoreGraphics.framework in Frameworks */ = {isa = PBXBuildFile; fileRef = D4FD9B7E198C8D4600927FDC /* CoreGraphics.framework */; };
		D4FD9B81198C8D4600927FDC /* UIKit.framework in Frameworks */ = {isa = PBXBuildFile; fileRef = D4FD9B80198C8D4600927FDC /* UIKit.framework */; };
		D4FD9B87198C8D4600927FDC /* InfoPlist.strings in Resources */ = {isa = PBXBuildFile; fileRef = D4FD9B85198C8D4600927FDC /* InfoPlist.strings */; };
		D4FD9B89198C8D4600927FDC /* main.m in Sources */ = {isa = PBXBuildFile; fileRef = D4FD9B88198C8D4600927FDC /* main.m */; };
		D4FD9B8D198C8D4600927FDC /* AppDelegate.m in Sources */ = {isa = PBXBuildFile; fileRef = D4FD9B8C198C8D4600927FDC /* AppDelegate.m */; };
		D4FD9B8F198C8D4600927FDC /* Images.xcassets in Resources */ = {isa = PBXBuildFile; fileRef = D4FD9B8E198C8D4600927FDC /* Images.xcassets */; };
		D4FD9B96198C8D4600927FDC /* XCTest.framework in Frameworks */ = {isa = PBXBuildFile; fileRef = D4FD9B95198C8D4600927FDC /* XCTest.framework */; };
		D4FD9B97198C8D4600927FDC /* Foundation.framework in Frameworks */ = {isa = PBXBuildFile; fileRef = D4FD9B7C198C8D4600927FDC /* Foundation.framework */; };
		D4FD9B98198C8D4600927FDC /* UIKit.framework in Frameworks */ = {isa = PBXBuildFile; fileRef = D4FD9B80198C8D4600927FDC /* UIKit.framework */; };
		D4FD9BA0198C8D4600927FDC /* InfoPlist.strings in Resources */ = {isa = PBXBuildFile; fileRef = D4FD9B9E198C8D4600927FDC /* InfoPlist.strings */; };
		D4FD9BA2198C8D4600927FDC /* Story2MovieTests.m in Sources */ = {isa = PBXBuildFile; fileRef = D4FD9BA1198C8D4600927FDC /* Story2MovieTests.m */; };
/* End PBXBuildFile section */

/* Begin PBXContainerItemProxy section */
		D4FD9B99198C8D4600927FDC /* PBXContainerItemProxy */ = {
			isa = PBXContainerItemProxy;
			containerPortal = D4FD9B71198C8D4600927FDC /* Project object */;
			proxyType = 1;
			remoteGlobalIDString = D4FD9B78198C8D4600927FDC;
			remoteInfo = Story2Movie;
		};
/* End PBXContainerItemProxy section */

/* Begin PBXFileReference section */
		90B8250549DA465A965ACE47 /* libPods-Story2Movie.a */ = {isa = PBXFileReference; explicitFileType = archive.ar; includeInIndex = 0; path = "libPods-Story2Movie.a"; sourceTree = BUILT_PRODUCTS_DIR; };
		BDC69E138A3C40C7AA415B85 /* Pods-Story2Movie.xcconfig */ = {isa = PBXFileReference; includeInIndex = 1; lastKnownFileType = text.xcconfig; name = "Pods-Story2Movie.xcconfig"; path = "Pods/Pods-Story2Movie.xcconfig"; sourceTree = "<group>"; };
		D487BE1A1990735B006498A8 /* SectionScrollView.h */ = {isa = PBXFileReference; fileEncoding = 4; lastKnownFileType = sourcecode.c.h; name = SectionScrollView.h; path = Gallery/SectionScrollView.h; sourceTree = "<group>"; };
		D487BE1B1990735B006498A8 /* SectionScrollView.m */ = {isa = PBXFileReference; fileEncoding = 4; lastKnownFileType = sourcecode.c.objc; name = SectionScrollView.m; path = Gallery/SectionScrollView.m; sourceTree = "<group>"; };
		D487BE1D19907386006498A8 /* SectionImageView.h */ = {isa = PBXFileReference; fileEncoding = 4; lastKnownFileType = sourcecode.c.h; name = SectionImageView.h; path = Gallery/SectionImageView.h; sourceTree = "<group>"; };
		D487BE1E19907386006498A8 /* SectionImageView.m */ = {isa = PBXFileReference; fileEncoding = 4; lastKnownFileType = sourcecode.c.objc; name = SectionImageView.m; path = Gallery/SectionImageView.m; sourceTree = "<group>"; };
		D487BE2C199073C1006498A8 /* GalleryScrollView.h */ = {isa = PBXFileReference; fileEncoding = 4; lastKnownFileType = sourcecode.c.h; name = GalleryScrollView.h; path = Gallery/GalleryScrollView.h; sourceTree = "<group>"; };
		D487BE2D199073C1006498A8 /* GalleryScrollView.m */ = {isa = PBXFileReference; fileEncoding = 4; lastKnownFileType = sourcecode.c.objc; name = GalleryScrollView.m; path = Gallery/GalleryScrollView.m; sourceTree = "<group>"; };
		D487BE2F199073E6006498A8 /* GalleryImageView.h */ = {isa = PBXFileReference; fileEncoding = 4; lastKnownFileType = sourcecode.c.h; name = GalleryImageView.h; path = Gallery/GalleryImageView.h; sourceTree = "<group>"; };
		D487BE30199073E6006498A8 /* GalleryImageView.m */ = {isa = PBXFileReference; fileEncoding = 4; lastKnownFileType = sourcecode.c.objc; name = GalleryImageView.m; path = Gallery/GalleryImageView.m; sourceTree = "<group>"; };
		D487BE3219907404006498A8 /* GalleryPageControl.h */ = {isa = PBXFileReference; fileEncoding = 4; lastKnownFileType = sourcecode.c.h; name = GalleryPageControl.h; path = Gallery/GalleryPageControl.h; sourceTree = "<group>"; };
		D487BE3319907404006498A8 /* GalleryPageControl.m */ = {isa = PBXFileReference; fileEncoding = 4; lastKnownFileType = sourcecode.c.objc; name = GalleryPageControl.m; path = Gallery/GalleryPageControl.m; sourceTree = "<group>"; };
		D487BE3519909264006498A8 /* TourPageControl.h */ = {isa = PBXFileReference; fileEncoding = 4; lastKnownFileType = sourcecode.c.h; name = TourPageControl.h; path = GuidedTour/TourPageControl.h; sourceTree = "<group>"; };
		D487BE3619909264006498A8 /* TourPageControl.m */ = {isa = PBXFileReference; fileEncoding = 4; lastKnownFileType = sourcecode.c.objc; name = TourPageControl.m; path = GuidedTour/TourPageControl.m; sourceTree = "<group>"; };
		D487BE38199096EF006498A8 /* tour_0@2x.png */ = {isa = PBXFileReference; lastKnownFileType = image.png; name = "tour_0@2x.png"; path = "AppImages/Tour/tour_0@2x.png"; sourceTree = "<group>"; };
		D487BE39199096EF006498A8 /* tour_0@R4.png */ = {isa = PBXFileReference; lastKnownFileType = image.png; name = "tour_0@R4.png"; path = "AppImages/Tour/tour_0@R4.png"; sourceTree = "<group>"; };
		D487BE3A199096EF006498A8 /* tour_1@2x.png */ = {isa = PBXFileReference; lastKnownFileType = image.png; name = "tour_1@2x.png"; path = "AppImages/Tour/tour_1@2x.png"; sourceTree = "<group>"; };
		D487BE3B199096EF006498A8 /* tour_1@R4.png */ = {isa = PBXFileReference; lastKnownFileType = image.png; name = "tour_1@R4.png"; path = "AppImages/Tour/tour_1@R4.png"; sourceTree = "<group>"; };
		D487BE3C199096EF006498A8 /* tour_2@2x.png */ = {isa = PBXFileReference; lastKnownFileType = image.png; name = "tour_2@2x.png"; path = "AppImages/Tour/tour_2@2x.png"; sourceTree = "<group>"; };
		D487BE3D199096EF006498A8 /* tour_2@R4.png */ = {isa = PBXFileReference; lastKnownFileType = image.png; name = "tour_2@R4.png"; path = "AppImages/Tour/tour_2@R4.png"; sourceTree = "<group>"; };
		D4C59FBC198C9401000FD7E8 /* AppUtility.h */ = {isa = PBXFileReference; fileEncoding = 4; lastKnownFileType = sourcecode.c.h; name = AppUtility.h; path = AppUtility/AppUtility.h; sourceTree = "<group>"; };
		D4C59FBD198C9401000FD7E8 /* AppUtility.m */ = {isa = PBXFileReference; fileEncoding = 4; lastKnownFileType = sourcecode.c.objc; name = AppUtility.m; path = AppUtility/AppUtility.m; sourceTree = "<group>"; };
		D4C59FBF198C9413000FD7E8 /* AppConfig.h */ = {isa = PBXFileReference; fileEncoding = 4; lastKnownFileType = sourcecode.c.h; name = AppConfig.h; path = AppUtility/AppConfig.h; sourceTree = "<group>"; };
		D4C59FC0198C9413000FD7E8 /* AppConfig.m */ = {isa = PBXFileReference; fileEncoding = 4; lastKnownFileType = sourcecode.c.objc; name = AppConfig.m; path = AppUtility/AppConfig.m; sourceTree = "<group>"; };
		D4C59FC2198C9422000FD7E8 /* Constant.h */ = {isa = PBXFileReference; fileEncoding = 4; lastKnownFileType = sourcecode.c.h; name = Constant.h; path = AppUtility/Constant.h; sourceTree = "<group>"; };
		D4C59FC3198C9422000FD7E8 /* Constant.m */ = {isa = PBXFileReference; fileEncoding = 4; lastKnownFileType = sourcecode.c.objc; name = Constant.m; path = AppUtility/Constant.m; sourceTree = "<group>"; };
		D4C59FC5198C9434000FD7E8 /* CustomLogFormatters.h */ = {isa = PBXFileReference; fileEncoding = 4; lastKnownFileType = sourcecode.c.h; name = CustomLogFormatters.h; path = AppUtility/CustomLogFormatters.h; sourceTree = "<group>"; };
		D4C59FC6198C9434000FD7E8 /* CustomLogFormatters.m */ = {isa = PBXFileReference; fileEncoding = 4; lastKnownFileType = sourcecode.c.objc; name = CustomLogFormatters.m; path = AppUtility/CustomLogFormatters.m; sourceTree = "<group>"; };
		D4C59FC8198C9683000FD7E8 /* GuidedTourViewController.h */ = {isa = PBXFileReference; fileEncoding = 4; lastKnownFileType = sourcecode.c.h; name = GuidedTourViewController.h; path = GuidedTour/GuidedTourViewController.h; sourceTree = "<group>"; };
		D4C59FC9198C9683000FD7E8 /* GuidedTourViewController.m */ = {isa = PBXFileReference; fileEncoding = 4; lastKnownFileType = sourcecode.c.objc; name = GuidedTourViewController.m; path = GuidedTour/GuidedTourViewController.m; sourceTree = "<group>"; };
		D4C59FCB198C96D8000FD7E8 /* TourScrollView.h */ = {isa = PBXFileReference; fileEncoding = 4; lastKnownFileType = sourcecode.c.h; name = TourScrollView.h; path = GuidedTour/TourScrollView.h; sourceTree = "<group>"; };
		D4C59FCC198C96D8000FD7E8 /* TourScrollView.m */ = {isa = PBXFileReference; fileEncoding = 4; lastKnownFileType = sourcecode.c.objc; name = TourScrollView.m; path = GuidedTour/TourScrollView.m; sourceTree = "<group>"; };
		D4C59FCE198C970C000FD7E8 /* GalleryViewController.h */ = {isa = PBXFileReference; fileEncoding = 4; lastKnownFileType = sourcecode.c.h; name = GalleryViewController.h; path = Gallery/GalleryViewController.h; sourceTree = "<group>"; };
		D4C59FCF198C970C000FD7E8 /* GalleryViewController.m */ = {isa = PBXFileReference; fileEncoding = 4; lastKnownFileType = sourcecode.c.objc; name = GalleryViewController.m; path = Gallery/GalleryViewController.m; sourceTree = "<group>"; };
		D4FD9B79198C8D4600927FDC /* Story2Movie.app */ = {isa = PBXFileReference; explicitFileType = wrapper.application; includeInIndex = 0; path = Story2Movie.app; sourceTree = BUILT_PRODUCTS_DIR; };
		D4FD9B7C198C8D4600927FDC /* Foundation.framework */ = {isa = PBXFileReference; lastKnownFileType = wrapper.framework; name = Foundation.framework; path = System/Library/Frameworks/Foundation.framework; sourceTree = SDKROOT; };
		D4FD9B7E198C8D4600927FDC /* CoreGraphics.framework */ = {isa = PBXFileReference; lastKnownFileType = wrapper.framework; name = CoreGraphics.framework; path = System/Library/Frameworks/CoreGraphics.framework; sourceTree = SDKROOT; };
		D4FD9B80198C8D4600927FDC /* UIKit.framework */ = {isa = PBXFileReference; lastKnownFileType = wrapper.framework; name = UIKit.framework; path = System/Library/Frameworks/UIKit.framework; sourceTree = SDKROOT; };
		D4FD9B84198C8D4600927FDC /* Story2Movie-Info.plist */ = {isa = PBXFileReference; lastKnownFileType = text.plist.xml; path = "Story2Movie-Info.plist"; sourceTree = "<group>"; };
		D4FD9B86198C8D4600927FDC /* en */ = {isa = PBXFileReference; lastKnownFileType = text.plist.strings; name = en; path = en.lproj/InfoPlist.strings; sourceTree = "<group>"; };
		D4FD9B88198C8D4600927FDC /* main.m */ = {isa = PBXFileReference; lastKnownFileType = sourcecode.c.objc; path = main.m; sourceTree = "<group>"; };
		D4FD9B8A198C8D4600927FDC /* Story2Movie-Prefix.pch */ = {isa = PBXFileReference; lastKnownFileType = sourcecode.c.h; path = "Story2Movie-Prefix.pch"; sourceTree = "<group>"; };
		D4FD9B8B198C8D4600927FDC /* AppDelegate.h */ = {isa = PBXFileReference; lastKnownFileType = sourcecode.c.h; path = AppDelegate.h; sourceTree = "<group>"; };
		D4FD9B8C198C8D4600927FDC /* AppDelegate.m */ = {isa = PBXFileReference; lastKnownFileType = sourcecode.c.objc; path = AppDelegate.m; sourceTree = "<group>"; };
		D4FD9B8E198C8D4600927FDC /* Images.xcassets */ = {isa = PBXFileReference; lastKnownFileType = folder.assetcatalog; path = Images.xcassets; sourceTree = "<group>"; };
		D4FD9B94198C8D4600927FDC /* Story2MovieTests.xctest */ = {isa = PBXFileReference; explicitFileType = wrapper.cfbundle; includeInIndex = 0; path = Story2MovieTests.xctest; sourceTree = BUILT_PRODUCTS_DIR; };
		D4FD9B95198C8D4600927FDC /* XCTest.framework */ = {isa = PBXFileReference; lastKnownFileType = wrapper.framework; name = XCTest.framework; path = Library/Frameworks/XCTest.framework; sourceTree = DEVELOPER_DIR; };
		D4FD9B9D198C8D4600927FDC /* Story2MovieTests-Info.plist */ = {isa = PBXFileReference; lastKnownFileType = text.plist.xml; path = "Story2MovieTests-Info.plist"; sourceTree = "<group>"; };
		D4FD9B9F198C8D4600927FDC /* en */ = {isa = PBXFileReference; lastKnownFileType = text.plist.strings; name = en; path = en.lproj/InfoPlist.strings; sourceTree = "<group>"; };
		D4FD9BA1198C8D4600927FDC /* Story2MovieTests.m */ = {isa = PBXFileReference; lastKnownFileType = sourcecode.c.objc; path = Story2MovieTests.m; sourceTree = "<group>"; };
/* End PBXFileReference section */

/* Begin PBXFrameworksBuildPhase section */
		D4FD9B76198C8D4600927FDC /* Frameworks */ = {
			isa = PBXFrameworksBuildPhase;
			buildActionMask = 2147483647;
			files = (
				D4FD9B7F198C8D4600927FDC /* CoreGraphics.framework in Frameworks */,
				D4FD9B81198C8D4600927FDC /* UIKit.framework in Frameworks */,
				D4FD9B7D198C8D4600927FDC /* Foundation.framework in Frameworks */,
				A78B21EC316E49589E7FDED0 /* libPods-Story2Movie.a in Frameworks */,
			);
			runOnlyForDeploymentPostprocessing = 0;
		};
		D4FD9B91198C8D4600927FDC /* Frameworks */ = {
			isa = PBXFrameworksBuildPhase;
			buildActionMask = 2147483647;
			files = (
				D4FD9B96198C8D4600927FDC /* XCTest.framework in Frameworks */,
				D4FD9B98198C8D4600927FDC /* UIKit.framework in Frameworks */,
				D4FD9B97198C8D4600927FDC /* Foundation.framework in Frameworks */,
			);
			runOnlyForDeploymentPostprocessing = 0;
		};
/* End PBXFrameworksBuildPhase section */

/* Begin PBXGroup section */
		D4C59FB8198C92E2000FD7E8 /* AppImages */ = {
			isa = PBXGroup;
			children = (
				D4DCB4A0198ECEA10071F959 /* Tour */,
			);
			name = AppImages;
			sourceTree = "<group>";
		};
		D4C59FB9198C92F1000FD7E8 /* AppUtility */ = {
			isa = PBXGroup;
			children = (
				D4C59FBC198C9401000FD7E8 /* AppUtility.h */,
				D4C59FBD198C9401000FD7E8 /* AppUtility.m */,
				D4C59FBF198C9413000FD7E8 /* AppConfig.h */,
				D4C59FC0198C9413000FD7E8 /* AppConfig.m */,
				D4C59FC2198C9422000FD7E8 /* Constant.h */,
				D4C59FC3198C9422000FD7E8 /* Constant.m */,
				D4C59FC5198C9434000FD7E8 /* CustomLogFormatters.h */,
				D4C59FC6198C9434000FD7E8 /* CustomLogFormatters.m */,
			);
			name = AppUtility;
			sourceTree = "<group>";
		};
		D4C59FBA198C92FA000FD7E8 /* Gallery */ = {
			isa = PBXGroup;
			children = (
				D4C59FCE198C970C000FD7E8 /* GalleryViewController.h */,
				D4C59FCF198C970C000FD7E8 /* GalleryViewController.m */,
				D487BE1A1990735B006498A8 /* SectionScrollView.h */,
				D487BE1B1990735B006498A8 /* SectionScrollView.m */,
				D487BE1D19907386006498A8 /* SectionImageView.h */,
				D487BE1E19907386006498A8 /* SectionImageView.m */,
				D487BE2C199073C1006498A8 /* GalleryScrollView.h */,
				D487BE2D199073C1006498A8 /* GalleryScrollView.m */,
				D487BE2F199073E6006498A8 /* GalleryImageView.h */,
				D487BE30199073E6006498A8 /* GalleryImageView.m */,
				D487BE3219907404006498A8 /* GalleryPageControl.h */,
				D487BE3319907404006498A8 /* GalleryPageControl.m */,
			);
			name = Gallery;
			sourceTree = "<group>";
		};
		D4C59FBB198C9307000FD7E8 /* GuidedTour */ = {
			isa = PBXGroup;
			children = (
				D4C59FC8198C9683000FD7E8 /* GuidedTourViewController.h */,
				D4C59FC9198C9683000FD7E8 /* GuidedTourViewController.m */,
				D4C59FCB198C96D8000FD7E8 /* TourScrollView.h */,
				D4C59FCC198C96D8000FD7E8 /* TourScrollView.m */,
				D487BE3519909264006498A8 /* TourPageControl.h */,
				D487BE3619909264006498A8 /* TourPageControl.m */,
			);
			name = GuidedTour;
			sourceTree = "<group>";
		};
		D4DCB4A0198ECEA10071F959 /* Tour */ = {
			isa = PBXGroup;
			children = (
				D487BE38199096EF006498A8 /* tour_0@2x.png */,
				D487BE39199096EF006498A8 /* tour_0@R4.png */,
				D487BE3A199096EF006498A8 /* tour_1@2x.png */,
				D487BE3B199096EF006498A8 /* tour_1@R4.png */,
				D487BE3C199096EF006498A8 /* tour_2@2x.png */,
				D487BE3D199096EF006498A8 /* tour_2@R4.png */,
			);
			name = Tour;
			sourceTree = "<group>";
		};
		D4FD9B70198C8D4600927FDC = {
			isa = PBXGroup;
			children = (
				D4FD9B82198C8D4600927FDC /* Story2Movie */,
				D4FD9B9B198C8D4600927FDC /* Story2MovieTests */,
				D4FD9B7B198C8D4600927FDC /* Frameworks */,
				D4FD9B7A198C8D4600927FDC /* Products */,
				BDC69E138A3C40C7AA415B85 /* Pods-Story2Movie.xcconfig */,
			);
			sourceTree = "<group>";
		};
		D4FD9B7A198C8D4600927FDC /* Products */ = {
			isa = PBXGroup;
			children = (
				D4FD9B79198C8D4600927FDC /* Story2Movie.app */,
				D4FD9B94198C8D4600927FDC /* Story2MovieTests.xctest */,
			);
			name = Products;
			sourceTree = "<group>";
		};
		D4FD9B7B198C8D4600927FDC /* Frameworks */ = {
			isa = PBXGroup;
			children = (
				D4FD9B7C198C8D4600927FDC /* Foundation.framework */,
				D4FD9B7E198C8D4600927FDC /* CoreGraphics.framework */,
				D4FD9B80198C8D4600927FDC /* UIKit.framework */,
				D4FD9B95198C8D4600927FDC /* XCTest.framework */,
				90B8250549DA465A965ACE47 /* libPods-Story2Movie.a */,
			);
			name = Frameworks;
			sourceTree = "<group>";
		};
		D4FD9B82198C8D4600927FDC /* Story2Movie */ = {
			isa = PBXGroup;
			children = (
				D4FD9B8B198C8D4600927FDC /* AppDelegate.h */,
				D4FD9B8C198C8D4600927FDC /* AppDelegate.m */,
				D4C59FBB198C9307000FD7E8 /* GuidedTour */,
				D4C59FBA198C92FA000FD7E8 /* Gallery */,
				D4C59FB9198C92F1000FD7E8 /* AppUtility */,
				D4C59FB8198C92E2000FD7E8 /* AppImages */,
				D4FD9B8E198C8D4600927FDC /* Images.xcassets */,
				D4FD9B83198C8D4600927FDC /* Supporting Files */,
			);
			path = Story2Movie;
			sourceTree = "<group>";
		};
		D4FD9B83198C8D4600927FDC /* Supporting Files */ = {
			isa = PBXGroup;
			children = (
				D4FD9B84198C8D4600927FDC /* Story2Movie-Info.plist */,
				D4FD9B85198C8D4600927FDC /* InfoPlist.strings */,
				D4FD9B88198C8D4600927FDC /* main.m */,
				D4FD9B8A198C8D4600927FDC /* Story2Movie-Prefix.pch */,
			);
			name = "Supporting Files";
			sourceTree = "<group>";
		};
		D4FD9B9B198C8D4600927FDC /* Story2MovieTests */ = {
			isa = PBXGroup;
			children = (
				D4FD9BA1198C8D4600927FDC /* Story2MovieTests.m */,
				D4FD9B9C198C8D4600927FDC /* Supporting Files */,
			);
			path = Story2MovieTests;
			sourceTree = "<group>";
		};
		D4FD9B9C198C8D4600927FDC /* Supporting Files */ = {
			isa = PBXGroup;
			children = (
				D4FD9B9D198C8D4600927FDC /* Story2MovieTests-Info.plist */,
				D4FD9B9E198C8D4600927FDC /* InfoPlist.strings */,
			);
			name = "Supporting Files";
			sourceTree = "<group>";
		};
/* End PBXGroup section */

/* Begin PBXNativeTarget section */
		D4FD9B78198C8D4600927FDC /* Story2Movie */ = {
			isa = PBXNativeTarget;
			buildConfigurationList = D4FD9BA5198C8D4600927FDC /* Build configuration list for PBXNativeTarget "Story2Movie" */;
			buildPhases = (
				06B22F05EBE840A4A284BCB4 /* Check Pods Manifest.lock */,
				D4FD9B75198C8D4600927FDC /* Sources */,
				D4FD9B76198C8D4600927FDC /* Frameworks */,
				D4FD9B77198C8D4600927FDC /* Resources */,
				E9D7BD11D1C94BF69F1E41CC /* Copy Pods Resources */,
			);
			buildRules = (
			);
			dependencies = (
			);
			name = Story2Movie;
			productName = Story2Movie;
			productReference = D4FD9B79198C8D4600927FDC /* Story2Movie.app */;
			productType = "com.apple.product-type.application";
		};
		D4FD9B93198C8D4600927FDC /* Story2MovieTests */ = {
			isa = PBXNativeTarget;
			buildConfigurationList = D4FD9BA8198C8D4600927FDC /* Build configuration list for PBXNativeTarget "Story2MovieTests" */;
			buildPhases = (
				D4FD9B90198C8D4600927FDC /* Sources */,
				D4FD9B91198C8D4600927FDC /* Frameworks */,
				D4FD9B92198C8D4600927FDC /* Resources */,
			);
			buildRules = (
			);
			dependencies = (
				D4FD9B9A198C8D4600927FDC /* PBXTargetDependency */,
			);
			name = Story2MovieTests;
			productName = Story2MovieTests;
			productReference = D4FD9B94198C8D4600927FDC /* Story2MovieTests.xctest */;
			productType = "com.apple.product-type.bundle.unit-test";
		};
/* End PBXNativeTarget section */

/* Begin PBXProject section */
		D4FD9B71198C8D4600927FDC /* Project object */ = {
			isa = PBXProject;
			attributes = {
				LastUpgradeCheck = 0510;
				ORGANIZATIONNAME = "Golden Compass";
				TargetAttributes = {
					D4FD9B78198C8D4600927FDC = {
						DevelopmentTeam = AU55AR8N9R;
					};
					D4FD9B93198C8D4600927FDC = {
						TestTargetID = D4FD9B78198C8D4600927FDC;
					};
				};
			};
			buildConfigurationList = D4FD9B74198C8D4600927FDC /* Build configuration list for PBXProject "Story2Movie" */;
			compatibilityVersion = "Xcode 3.2";
			developmentRegion = English;
			hasScannedForEncodings = 0;
			knownRegions = (
				en,
			);
			mainGroup = D4FD9B70198C8D4600927FDC;
			productRefGroup = D4FD9B7A198C8D4600927FDC /* Products */;
			projectDirPath = "";
			projectRoot = "";
			targets = (
				D4FD9B78198C8D4600927FDC /* Story2Movie */,
				D4FD9B93198C8D4600927FDC /* Story2MovieTests */,
			);
		};
/* End PBXProject section */

/* Begin PBXResourcesBuildPhase section */
		D4FD9B77198C8D4600927FDC /* Resources */ = {
			isa = PBXResourcesBuildPhase;
			buildActionMask = 2147483647;
			files = (
				D487BE40199096EF006498A8 /* tour_1@2x.png in Resources */,
				D487BE43199096EF006498A8 /* tour_2@R4.png in Resources */,
				D4FD9B87198C8D4600927FDC /* InfoPlist.strings in Resources */,
				D487BE3E199096EF006498A8 /* tour_0@2x.png in Resources */,
				D4FD9B8F198C8D4600927FDC /* Images.xcassets in Resources */,
				D487BE41199096EF006498A8 /* tour_1@R4.png in Resources */,
				D487BE3F199096EF006498A8 /* tour_0@R4.png in Resources */,
				D487BE42199096EF006498A8 /* tour_2@2x.png in Resources */,
			);
			runOnlyForDeploymentPostprocessing = 0;
		};
		D4FD9B92198C8D4600927FDC /* Resources */ = {
			isa = PBXResourcesBuildPhase;
			buildActionMask = 2147483647;
			files = (
				D4FD9BA0198C8D4600927FDC /* InfoPlist.strings in Resources */,
			);
			runOnlyForDeploymentPostprocessing = 0;
		};
/* End PBXResourcesBuildPhase section */

/* Begin PBXShellScriptBuildPhase section */
		06B22F05EBE840A4A284BCB4 /* Check Pods Manifest.lock */ = {
			isa = PBXShellScriptBuildPhase;
			buildActionMask = 2147483647;
			files = (
			);
			inputPaths = (
			);
			name = "Check Pods Manifest.lock";
			outputPaths = (
			);
			runOnlyForDeploymentPostprocessing = 0;
			shellPath = /bin/sh;
			shellScript = "diff \"${PODS_ROOT}/../Podfile.lock\" \"${PODS_ROOT}/Manifest.lock\" > /dev/null\nif [[ $? != 0 ]] ; then\n    cat << EOM\nerror: The sandbox is not in sync with the Podfile.lock. Run 'pod install' or update your CocoaPods installation.\nEOM\n    exit 1\nfi\n";
			showEnvVarsInLog = 0;
		};
		E9D7BD11D1C94BF69F1E41CC /* Copy Pods Resources */ = {
			isa = PBXShellScriptBuildPhase;
			buildActionMask = 2147483647;
			files = (
			);
			inputPaths = (
			);
			name = "Copy Pods Resources";
			outputPaths = (
			);
			runOnlyForDeploymentPostprocessing = 0;
			shellPath = /bin/sh;
			shellScript = "\"${SRCROOT}/Pods/Pods-Story2Movie-resources.sh\"\n";
			showEnvVarsInLog = 0;
		};
/* End PBXShellScriptBuildPhase section */

/* Begin PBXSourcesBuildPhase section */
		D4FD9B75198C8D4600927FDC /* Sources */ = {
			isa = PBXSourcesBuildPhase;
			buildActionMask = 2147483647;
			files = (
				D4C59FC7198C9434000FD7E8 /* CustomLogFormatters.m in Sources */,
				D4C59FBE198C9401000FD7E8 /* AppUtility.m in Sources */,
				D4C59FC1198C9413000FD7E8 /* AppConfig.m in Sources */,
				D487BE1C1990735B006498A8 /* SectionScrollView.m in Sources */,
				D487BE2E199073C1006498A8 /* GalleryScrollView.m in Sources */,
				D4FD9B8D198C8D4600927FDC /* AppDelegate.m in Sources */,
				D4C59FC4198C9422000FD7E8 /* Constant.m in Sources */,
				D4FD9B89198C8D4600927FDC /* main.m in Sources */,
				D4C59FCA198C9683000FD7E8 /* GuidedTourViewController.m in Sources */,
				D487BE3719909264006498A8 /* TourPageControl.m in Sources */,
				D487BE3419907404006498A8 /* GalleryPageControl.m in Sources */,
				D4C59FCD198C96D8000FD7E8 /* TourScrollView.m in Sources */,
				D4C59FD0198C970C000FD7E8 /* GalleryViewController.m in Sources */,
				D487BE31199073E6006498A8 /* GalleryImageView.m in Sources */,
				D487BE1F19907386006498A8 /* SectionImageView.m in Sources */,
			);
			runOnlyForDeploymentPostprocessing = 0;
		};
		D4FD9B90198C8D4600927FDC /* Sources */ = {
			isa = PBXSourcesBuildPhase;
			buildActionMask = 2147483647;
			files = (
				D4FD9BA2198C8D4600927FDC /* Story2MovieTests.m in Sources */,
			);
			runOnlyForDeploymentPostprocessing = 0;
		};
/* End PBXSourcesBuildPhase section */

/* Begin PBXTargetDependency section */
		D4FD9B9A198C8D4600927FDC /* PBXTargetDependency */ = {
			isa = PBXTargetDependency;
			target = D4FD9B78198C8D4600927FDC /* Story2Movie */;
			targetProxy = D4FD9B99198C8D4600927FDC /* PBXContainerItemProxy */;
		};
/* End PBXTargetDependency section */

/* Begin PBXVariantGroup section */
		D4FD9B85198C8D4600927FDC /* InfoPlist.strings */ = {
			isa = PBXVariantGroup;
			children = (
				D4FD9B86198C8D4600927FDC /* en */,
			);
			name = InfoPlist.strings;
			sourceTree = "<group>";
		};
		D4FD9B9E198C8D4600927FDC /* InfoPlist.strings */ = {
			isa = PBXVariantGroup;
			children = (
				D4FD9B9F198C8D4600927FDC /* en */,
			);
			name = InfoPlist.strings;
			sourceTree = "<group>";
		};
/* End PBXVariantGroup section */

/* Begin XCBuildConfiguration section */
		D4FD9BA3198C8D4600927FDC /* Debug */ = {
			isa = XCBuildConfiguration;
			buildSettings = {
				ALWAYS_SEARCH_USER_PATHS = NO;
				CLANG_CXX_LANGUAGE_STANDARD = "gnu++0x";
				CLANG_CXX_LIBRARY = "libc++";
				CLANG_ENABLE_MODULES = YES;
				CLANG_ENABLE_OBJC_ARC = YES;
				CLANG_WARN_BOOL_CONVERSION = YES;
				CLANG_WARN_CONSTANT_CONVERSION = YES;
				CLANG_WARN_DIRECT_OBJC_ISA_USAGE = YES_ERROR;
				CLANG_WARN_EMPTY_BODY = YES;
				CLANG_WARN_ENUM_CONVERSION = YES;
				CLANG_WARN_INT_CONVERSION = YES;
				CLANG_WARN_OBJC_ROOT_CLASS = YES_ERROR;
				CLANG_WARN__DUPLICATE_METHOD_MATCH = YES;
				"CODE_SIGN_IDENTITY[sdk=iphoneos*]" = "iPhone Developer";
				COPY_PHASE_STRIP = NO;
				GCC_C_LANGUAGE_STANDARD = gnu99;
				GCC_DYNAMIC_NO_PIC = NO;
				GCC_OPTIMIZATION_LEVEL = 0;
				GCC_PREPROCESSOR_DEFINITIONS = (
					"DEBUG=1",
					"$(inherited)",
				);
				GCC_SYMBOLS_PRIVATE_EXTERN = NO;
				GCC_WARN_64_TO_32_BIT_CONVERSION = YES;
				GCC_WARN_ABOUT_RETURN_TYPE = YES_ERROR;
				GCC_WARN_UNDECLARED_SELECTOR = YES;
				GCC_WARN_UNINITIALIZED_AUTOS = YES_AGGRESSIVE;
				GCC_WARN_UNUSED_FUNCTION = YES;
				GCC_WARN_UNUSED_VARIABLE = YES;
				IPHONEOS_DEPLOYMENT_TARGET = 7.1;
				ONLY_ACTIVE_ARCH = YES;
				SDKROOT = iphoneos;
			};
			name = Debug;
		};
		D4FD9BA4198C8D4600927FDC /* Release */ = {
			isa = XCBuildConfiguration;
			buildSettings = {
				ALWAYS_SEARCH_USER_PATHS = NO;
				CLANG_CXX_LANGUAGE_STANDARD = "gnu++0x";
				CLANG_CXX_LIBRARY = "libc++";
				CLANG_ENABLE_MODULES = YES;
				CLANG_ENABLE_OBJC_ARC = YES;
				CLANG_WARN_BOOL_CONVERSION = YES;
				CLANG_WARN_CONSTANT_CONVERSION = YES;
				CLANG_WARN_DIRECT_OBJC_ISA_USAGE = YES_ERROR;
				CLANG_WARN_EMPTY_BODY = YES;
				CLANG_WARN_ENUM_CONVERSION = YES;
				CLANG_WARN_INT_CONVERSION = YES;
				CLANG_WARN_OBJC_ROOT_CLASS = YES_ERROR;
				CLANG_WARN__DUPLICATE_METHOD_MATCH = YES;
				"CODE_SIGN_IDENTITY[sdk=iphoneos*]" = "iPhone Developer";
				COPY_PHASE_STRIP = YES;
				ENABLE_NS_ASSERTIONS = NO;
				GCC_C_LANGUAGE_STANDARD = gnu99;
				GCC_WARN_64_TO_32_BIT_CONVERSION = YES;
				GCC_WARN_ABOUT_RETURN_TYPE = YES_ERROR;
				GCC_WARN_UNDECLARED_SELECTOR = YES;
				GCC_WARN_UNINITIALIZED_AUTOS = YES_AGGRESSIVE;
				GCC_WARN_UNUSED_FUNCTION = YES;
				GCC_WARN_UNUSED_VARIABLE = YES;
				IPHONEOS_DEPLOYMENT_TARGET = 7.1;
				SDKROOT = iphoneos;
				VALIDATE_PRODUCT = YES;
			};
			name = Release;
		};
		D4FD9BA6198C8D4600927FDC /* Debug */ = {
			isa = XCBuildConfiguration;
			baseConfigurationReference = BDC69E138A3C40C7AA415B85 /* Pods-Story2Movie.xcconfig */;
			buildSettings = {
				ASSETCATALOG_COMPILER_APPICON_NAME = AppIcon;
				ASSETCATALOG_COMPILER_LAUNCHIMAGE_NAME = LaunchImage;
				CODE_SIGN_IDENTITY = "iPhone Developer";
				GCC_PRECOMPILE_PREFIX_HEADER = YES;
				GCC_PREFIX_HEADER = "Story2Movie/Story2Movie-Prefix.pch";
				INFOPLIST_FILE = "Story2Movie/Story2Movie-Info.plist";
				IPHONEOS_DEPLOYMENT_TARGET = 7.1;
				PRODUCT_NAME = "$(TARGET_NAME)";
				TARGETED_DEVICE_FAMILY = 1;
				WRAPPER_EXTENSION = app;
			};
			name = Debug;
		};
		D4FD9BA7198C8D4600927FDC /* Release */ = {
			isa = XCBuildConfiguration;
			baseConfigurationReference = BDC69E138A3C40C7AA415B85 /* Pods-Story2Movie.xcconfig */;
			buildSettings = {
				ASSETCATALOG_COMPILER_APPICON_NAME = AppIcon;
				ASSETCATALOG_COMPILER_LAUNCHIMAGE_NAME = LaunchImage;
				CODE_SIGN_IDENTITY = "iPhone Developer";
				GCC_PRECOMPILE_PREFIX_HEADER = YES;
				GCC_PREFIX_HEADER = "Story2Movie/Story2Movie-Prefix.pch";
				INFOPLIST_FILE = "Story2Movie/Story2Movie-Info.plist";
				IPHONEOS_DEPLOYMENT_TARGET = 7.1;
				PRODUCT_NAME = "$(TARGET_NAME)";
				TARGETED_DEVICE_FAMILY = 1;
				WRAPPER_EXTENSION = app;
			};
			name = Release;
		};
		D4FD9BA9198C8D4600927FDC /* Debug */ = {
			isa = XCBuildConfiguration;
			buildSettings = {
				BUNDLE_LOADER = "$(BUILT_PRODUCTS_DIR)/Story2Movie.app/Story2Movie";
				FRAMEWORK_SEARCH_PATHS = (
					"$(SDKROOT)/Developer/Library/Frameworks",
					"$(inherited)",
					"$(DEVELOPER_FRAMEWORKS_DIR)",
				);
				GCC_PRECOMPILE_PREFIX_HEADER = YES;
				GCC_PREFIX_HEADER = "Story2Movie/Story2Movie-Prefix.pch";
				GCC_PREPROCESSOR_DEFINITIONS = (
					"DEBUG=1",
					"$(inherited)",
				);
				INFOPLIST_FILE = "Story2MovieTests/Story2MovieTests-Info.plist";
				PRODUCT_NAME = "$(TARGET_NAME)";
				TEST_HOST = "$(BUNDLE_LOADER)";
				WRAPPER_EXTENSION = xctest;
			};
			name = Debug;
		};
		D4FD9BAA198C8D4600927FDC /* Release */ = {
			isa = XCBuildConfiguration;
			buildSettings = {
				BUNDLE_LOADER = "$(BUILT_PRODUCTS_DIR)/Story2Movie.app/Story2Movie";
				FRAMEWORK_SEARCH_PATHS = (
					"$(SDKROOT)/Developer/Library/Frameworks",
					"$(inherited)",
					"$(DEVELOPER_FRAMEWORKS_DIR)",
				);
				GCC_PRECOMPILE_PREFIX_HEADER = YES;
				GCC_PREFIX_HEADER = "Story2Movie/Story2Movie-Prefix.pch";
				INFOPLIST_FILE = "Story2MovieTests/Story2MovieTests-Info.plist";
				PRODUCT_NAME = "$(TARGET_NAME)";
				TEST_HOST = "$(BUNDLE_LOADER)";
				WRAPPER_EXTENSION = xctest;
			};
			name = Release;
		};
/* End XCBuildConfiguration section */

/* Begin XCConfigurationList section */
		D4FD9B74198C8D4600927FDC /* Build configuration list for PBXProject "Story2Movie" */ = {
			isa = XCConfigurationList;
			buildConfigurations = (
				D4FD9BA3198C8D4600927FDC /* Debug */,
				D4FD9BA4198C8D4600927FDC /* Release */,
			);
			defaultConfigurationIsVisible = 0;
			defaultConfigurationName = Release;
		};
		D4FD9BA5198C8D4600927FDC /* Build configuration list for PBXNativeTarget "Story2Movie" */ = {
			isa = XCConfigurationList;
			buildConfigurations = (
				D4FD9BA6198C8D4600927FDC /* Debug */,
				D4FD9BA7198C8D4600927FDC /* Release */,
			);
			defaultConfigurationIsVisible = 0;
			defaultConfigurationName = Release;
		};
		D4FD9BA8198C8D4600927FDC /* Build configuration list for PBXNativeTarget "Story2MovieTests" */ = {
			isa = XCConfigurationList;
			buildConfigurations = (
				D4FD9BA9198C8D4600927FDC /* Debug */,
				D4FD9BAA198C8D4600927FDC /* Release */,
			);
			defaultConfigurationIsVisible = 0;
			defaultConfigurationName = Release;
		};
/* End XCConfigurationList section */
	};
	rootObject = D4FD9B71198C8D4600927FDC /* Project object */;
}
